<?xml version="1.0" encoding="utf-8"?>
<Project ToolsVersion="4.0" xmlns="http://schemas.microsoft.com/developer/msbuild/2003">
  <ItemGroup>
    <Filter Include="Container">
      <UniqueIdentifier>{ad587c46-687c-4ef2-9412-a74c32def410}</UniqueIdentifier>
    </Filter>
    <Filter Include="Container\Lockfree_Set_LinkedList">
      <UniqueIdentifier>{d85466c7-6cf5-4368-8c07-96bfb30553d9}</UniqueIdentifier>
    </Filter>
    <Filter Include="Container\Lockfree_Map_LinkedList">
      <UniqueIdentifier>{bfdb0ed5-7fee-47f8-8046-2aa4e04cd82b}</UniqueIdentifier>
    </Filter>
    <Filter Include="Container\Lockfree_Hash_Set">
      <UniqueIdentifier>{4FC737F1-C7A5-4376-A066-2A32D752A2FF}</UniqueIdentifier>
      <Extensions>cpp;c;cc;cxx;def;odl;idl;hpj;bat;asm;asmx</Extensions>
    </Filter>
    <Filter Include="Lock">
      <UniqueIdentifier>{8ac61dc7-ecd9-4424-8fe0-5db06ac9ca4f}</UniqueIdentifier>
    </Filter>
    <Filter Include="Define">
      <UniqueIdentifier>{3f31d953-a6e6-412d-a796-c8e5b8eb16b2}</UniqueIdentifier>
    </Filter>
    <Filter Include="Container\Lockfree_Stack">
      <UniqueIdentifier>{e8ac8b13-e418-43bc-a48f-78d05838ecf8}</UniqueIdentifier>
    </Filter>
    <Filter Include="Container\Lockfree_SkipList">
      <UniqueIdentifier>{a22115bd-116f-44d5-abfe-4bfb036adc2a}</UniqueIdentifier>
    </Filter>
    <Filter Include="Manager">
      <UniqueIdentifier>{c31569a1-2353-4747-b980-30134c6a5815}</UniqueIdentifier>
    </Filter>
    <Filter Include="GameServer">
      <UniqueIdentifier>{43977d2f-ff38-4a3a-8267-1dcb73aff910}</UniqueIdentifier>
    </Filter>
    <Filter Include="GameServer\BaseGameServer">
      <UniqueIdentifier>{d6c4650e-b2c5-4750-ab7c-f02b0cee086f}</UniqueIdentifier>
    </Filter>
    <Filter Include="Manager\ConnectManager">
      <UniqueIdentifier>{428b9577-2dab-4a8e-823e-86228b9c794c}</UniqueIdentifier>
    </Filter>
    <Filter Include="Manager\TimerManager">
      <UniqueIdentifier>{8c3e0c16-653e-48c3-b60b-cf40ace7d29e}</UniqueIdentifier>
    </Filter>
  </ItemGroup>
  <ItemGroup>
    <ClInclude Include="stdafx.h">
      <Filter>Define</Filter>
    </ClInclude>
    <ClInclude Include="..\..\Container\Lockfree_Set_Linkedlist\Lockfree_Set_Linkedlist.h">
      <Filter>Container\Lockfree_Set_LinkedList</Filter>
    </ClInclude>
    <ClInclude Include="..\..\Lock\Spin_Lock.h">
      <Filter>Lock</Filter>
    </ClInclude>
    <ClInclude Include="..\..\Container\Lockfree_Stack\Lockfree_Stack.h">
      <Filter>Container\Lockfree_Stack</Filter>
    </ClInclude>
    <ClInclude Include="..\..\Container\Lockfree_Map_LinkedList\Lockfree_Map_Linkedlist.h">
      <Filter>Container\Lockfree_Map_LinkedList</Filter>
    </ClInclude>
    <ClInclude Include="..\..\Container\Lockfree_Hash_Set\Lockfree_Hash_Set.h">
      <Filter>Container\Lockfree_Hash_Set</Filter>
    </ClInclude>
    <ClInclude Include="..\..\Container\Lockfree_SkipList\Lockfree_Skiplist.h">
      <Filter>Container\Lockfree_SkipList</Filter>
    </ClInclude>
    <ClInclude Include="..\..\GameServer\BaseGameServer\BaseGameServer.h">
      <Filter>GameServer\BaseGameServer</Filter>
    </ClInclude>
    <ClInclude Include="..\..\Manager\ConnectManager.h">
      <Filter>Manager\ConnectManager</Filter>
    </ClInclude>
    <ClInclude Include="..\..\Manager\TimerManager\TimerManager.h">
      <Filter>Manager\TimerManager</Filter>
    </ClInclude>
  </ItemGroup>
  <ItemGroup>
    <ClCompile Include="stdafx.cpp">
      <Filter>Define</Filter>
    </ClCompile>
    <ClCompile Include="main.cpp" />
    <ClCompile Include="..\..\GameServer\BaseGameServer\BaseGameServer.cpp">
      <Filter>GameServer\BaseGameServer</Filter>
    </ClCompile>
    <ClCompile Include="..\..\Manager\ConnectManager.cpp">
      <Filter>Manager\ConnectManager</Filter>
    </ClCompile>
    <ClCompile Include="..\..\Manager\TimerManager\TimerManager.cpp">
      <Filter>Manager\TimerManager</Filter>
    </ClCompile>
  </ItemGroup>
</Project>