<?xml version="1.0" encoding="utf-8"?>
<Project ToolsVersion="4.0" xmlns="http://schemas.microsoft.com/developer/msbuild/2003">
  <ItemGroup>
    <Filter Include="Container">
      <UniqueIdentifier>{ad587c46-687c-4ef2-9412-a74c32def410}</UniqueIdentifier>
    </Filter>
    <Filter Include="Container\Lockfree_Set_LinkedList">
      <UniqueIdentifier>{d85466c7-6cf5-4368-8c07-96bfb30553d9}</UniqueIdentifier>
    </Filter>
    <Filter Include="Container\Lockfree_Map_LinkedList">
      <UniqueIdentifier>{bfdb0ed5-7fee-47f8-8046-2aa4e04cd82b}</UniqueIdentifier>
    </Filter>
    <Filter Include="Container\Lockfree_Hash_Set">
      <UniqueIdentifier>{4FC737F1-C7A5-4376-A066-2A32D752A2FF}</UniqueIdentifier>
      <Extensions>cpp;c;cc;cxx;def;odl;idl;hpj;bat;asm;asmx</Extensions>
    </Filter>
    <Filter Include="Lock">
      <UniqueIdentifier>{8ac61dc7-ecd9-4424-8fe0-5db06ac9ca4f}</UniqueIdentifier>
    </Filter>
    <Filter Include="Define">
      <UniqueIdentifier>{3f31d953-a6e6-412d-a796-c8e5b8eb16b2}</UniqueIdentifier>
    </Filter>
    <Filter Include="Container\Lockfree_Stack">
      <UniqueIdentifier>{e8ac8b13-e418-43bc-a48f-78d05838ecf8}</UniqueIdentifier>
    </Filter>
  </ItemGroup>
  <ItemGroup>
    <ClInclude Include="stdafx.h">
      <Filter>Define</Filter>
    </ClInclude>
    <ClInclude Include="..\..\Container\Lockfree_Set_Linkedlist\Lockfree_Set_Linkedlist.h">
      <Filter>Container\Lockfree_Set_LinkedList</Filter>
    </ClInclude>
    <ClInclude Include="..\..\Lock\Spin_Lock.h">
      <Filter>Lock</Filter>
    </ClInclude>
    <ClInclude Include="..\..\Container\Lockfree_Stack\Lockfree_Stack.h">
      <Filter>Container\Lockfree_Stack</Filter>
    </ClInclude>
    <ClInclude Include="..\..\Container\Lockfree_Map_LinkedList\Lockfree_Map_Linkedlist.h">
      <Filter>Container\Lockfree_Map_LinkedList</Filter>
    </ClInclude>
    <ClInclude Include="..\..\Container\Lockfree_Hash_Set\Lockfree_Hash_Set.h">
      <Filter>Container\Lockfree_Hash_Set</Filter>
    </ClInclude>
  </ItemGroup>
  <ItemGroup>
    <ClCompile Include="stdafx.cpp">
      <Filter>Define</Filter>
    </ClCompile>
    <ClCompile Include="main.cpp" />
  </ItemGroup>
</Project>